
Microsoft Visual Studio Solution File, Format Version 12.00
# Visual Studio 2013
VisualStudioVersion = 12.0.21005.1
MinimumVisualStudioVersion = 10.0.40219.1
Project("{FAE04EC0-301F-11D3-BF4B-00C04F79EFBC}") = "AirportPortal", "AirportPortal\AirportPortal.csproj", "{A3664430-5037-424A-B2C7-A20BB1578756}"
EndProject
Global
	GlobalSection(SolutionConfigurationPlatforms) = preSolution
		Debug|Any CPU = Debug|Any CPU
		Release|Any CPU = Release|Any CPU
	EndGlobalSection
	GlobalSection(ProjectConfigurationPlatforms) = postSolution
		{A3664430-5037-424A-B2C7-A20BB1578756}.Debug|Any CPU.ActiveCfg = Debug|Any CPU
		{A3664430-5037-424A-B2C7-A20BB1578756}.Debug|Any CPU.Build.0 = Debug|Any CPU
		{A3664430-5037-424A-B2C7-A20BB1578756}.Release|Any CPU.ActiveCfg = Release|Any CPU
		{A3664430-5037-424A-B2C7-A20BB1578756}.Release|Any CPU.Build.0 = Release|Any CPU
	EndGlobalSection
	GlobalSection(SolutionProperties) = preSolution
		HideSolutionNode = FALSE
	EndGlobalSection
EndGlobal
